
Microsoft Visual Studio Solution File, Format Version 12.00
# Visual Studio Version 16
VisualStudioVersion = 16.0.30309.148
MinimumVisualStudioVersion = 10.0.40219.1
Project("{9A19103F-16F7-4668-BE54-9A1E7A4F7556}") = "DatingApp.API", "DatingApp.API.csproj", "{76BBE4FA-1EDB-43D9-9584-E3AE69F69506}"
EndProject
Project("{E24C65DC-7377-472B-9ABA-BC803B73C61A}") = "DatingApp-SPA", "..\DatingApp-SPA\", "{E24FD658-EB5D-4BE3-9437-59DB26E6CEDF}"
	ProjectSection(WebsiteProperties) = preProject
		TargetFrameworkMoniker = ".NETFramework,Version%3Dv4.0"
		Debug.AspNetCompiler.VirtualPath = "/localhost_65043"
		Debug.AspNetCompiler.PhysicalPath = "..\DatingApp-SPA\"
		Debug.AspNetCompiler.TargetPath = "PrecompiledWeb\localhost_65043\"
		Debug.AspNetCompiler.Updateable = "true"
		Debug.AspNetCompiler.ForceOverwrite = "true"
		Debug.AspNetCompiler.FixedNames = "false"
		Debug.AspNetCompiler.Debug = "True"
		Release.AspNetCompiler.VirtualPath = "/localhost_65043"
		Release.AspNetCompiler.PhysicalPath = "..\DatingApp-SPA\"
		Release.AspNetCompiler.TargetPath = "PrecompiledWeb\localhost_65043\"
		Release.AspNetCompiler.Updateable = "true"
		Release.AspNetCompiler.ForceOverwrite = "true"
		Release.AspNetCompiler.FixedNames = "false"
		Release.AspNetCompiler.Debug = "False"
		VWDPort = "65043"
		SlnRelativePath = "..\DatingApp-SPA\"
	EndProjectSection
EndProject
Global
	GlobalSection(SolutionConfigurationPlatforms) = preSolution
		Debug|Any CPU = Debug|Any CPU
		Release|Any CPU = Release|Any CPU
	EndGlobalSection
	GlobalSection(ProjectConfigurationPlatforms) = postSolution
		{76BBE4FA-1EDB-43D9-9584-E3AE69F69506}.Debug|Any CPU.ActiveCfg = Debug|Any CPU
		{76BBE4FA-1EDB-43D9-9584-E3AE69F69506}.Debug|Any CPU.Build.0 = Debug|Any CPU
		{76BBE4FA-1EDB-43D9-9584-E3AE69F69506}.Release|Any CPU.ActiveCfg = Release|Any CPU
		{76BBE4FA-1EDB-43D9-9584-E3AE69F69506}.Release|Any CPU.Build.0 = Release|Any CPU
		{E24FD658-EB5D-4BE3-9437-59DB26E6CEDF}.Debug|Any CPU.ActiveCfg = Debug|Any CPU
		{E24FD658-EB5D-4BE3-9437-59DB26E6CEDF}.Debug|Any CPU.Build.0 = Debug|Any CPU
		{E24FD658-EB5D-4BE3-9437-59DB26E6CEDF}.Release|Any CPU.ActiveCfg = Debug|Any CPU
		{E24FD658-EB5D-4BE3-9437-59DB26E6CEDF}.Release|Any CPU.Build.0 = Debug|Any CPU
	EndGlobalSection
	GlobalSection(SolutionProperties) = preSolution
		HideSolutionNode = FALSE
	EndGlobalSection
	GlobalSection(ExtensibilityGlobals) = postSolution
		SolutionGuid = {577F02EB-7DE0-444A-952C-8C2D1110BC63}
	EndGlobalSection
EndGlobal
